
Microsoft Visual Studio Solution File, Format Version 12.00
# Visual Studio Express 2012 for Web
Project("{FAE04EC0-301F-11D3-BF4B-00C04F79EFBC}") = "Farm management system", "Farm management system\Farm management system.csproj", "{A942220F-DD39-45AC-A597-0D11B0E55525}"
EndProject
Global
	GlobalSection(SolutionConfigurationPlatforms) = preSolution
		Debug|Any CPU = Debug|Any CPU
		Release|Any CPU = Release|Any CPU
	EndGlobalSection
	GlobalSection(ProjectConfigurationPlatforms) = postSolution
		{A942220F-DD39-45AC-A597-0D11B0E55525}.Debug|Any CPU.ActiveCfg = Debug|Any CPU
		{A942220F-DD39-45AC-A597-0D11B0E55525}.Debug|Any CPU.Build.0 = Debug|Any CPU
		{A942220F-DD39-45AC-A597-0D11B0E55525}.Release|Any CPU.ActiveCfg = Release|Any CPU
		{A942220F-DD39-45AC-A597-0D11B0E55525}.Release|Any CPU.Build.0 = Release|Any CPU
	EndGlobalSection
	GlobalSection(SolutionProperties) = preSolution
		HideSolutionNode = FALSE
	EndGlobalSection
EndGlobal
